lockfileVersion: '6.0'

settings:
  autoInstallPeers: true
  excludeLinksFromLockfile: false

devDependencies:
  husky:
    specifier: 7.0.4
    version: 7.0.4
  lefthook:
    specifier: ^1.6.7
    version: 1.6.7
  prettier:
    specifier: 2.6.2
    version: 2.6.2

packages:
  /husky@7.0.4:
    resolution:
      { integrity: sha512-vbaCKN2QLtP/vD4yvs6iz6hBEo6wkSzs8HpRah1Z6aGmF2KW5PdYuAd7uX5a+OyBZHBhd+TFLqgjUgytQr4RvQ== }
    engines: { node: '>=12' }
    hasBin: true
    dev: true

  /lefthook-darwin-arm64@1.6.7:
    resolution:
      { integrity: sha512-/Li1ssZd8WYpBMq2Aqs7AZGWtKpJQJkWkfrEzT6ke7gjNngBurRkVJcEpoiRJpzhk6J+HZTk3Pimh8XaYI0KHw== }
    cpu: [arm64]
    os: [darwin]
    requiresBuild: true
    dev: true
    optional: true

  /lefthook-darwin-x64@1.6.7:
    resolution:
      { integrity: sha512-ZKRUFea0j/pco3NoypOHlzmSaYx5UYq47qywiqMUDmXz/38sjRlt8apKSNS3rlsPyPw+9g1c+pWwi+mQiHOnDg== }
    cpu: [x64]
    os: [darwin]
    requiresBuild: true
    dev: true
    optional: true

  /lefthook-freebsd-arm64@1.6.7:
    resolution:
      { integrity: sha512-kY1/+SqxGg4xyKCXOZG9tSmBSHr1m7IoGy4G4FlbmLcZeq4n1JUlhPz/05rbIemR7HXOwA5CAGyjooxT4hNfyw== }
    cpu: [arm64]
    os: [freebsd]
    requiresBuild: true
    dev: true
    optional: true

  /lefthook-freebsd-x64@1.6.7:
    resolution:
      { integrity: sha512-rC9/G6WPKWyxNB68HsUxngOdcTAHTux04LgDgC0j6OOFgpo8cEYHSNTHv4ERz79FxCPBmNe4Cg+mIXHYg8b8RQ== }
    cpu: [x64]
    os: [freebsd]
    requiresBuild: true
    dev: true
    optional: true

  /lefthook-linux-arm64@1.6.7:
    resolution:
      { integrity: sha512-3MAfA/cAgA7716C04XkSoyfMDXkOZDx9k2BkZdOwt35TBjxz6fkinYeeOvszGBSfeOFNQHIYYFgHazEaFVzrjQ== }
    cpu: [arm64]
    os: [linux]
    requiresBuild: true
    dev: true
    optional: true

  /lefthook-linux-x64@1.6.7:
    resolution:
      { integrity: sha512-VzgNM0bJyzakrhjFZbTYrwli0L6bY1bk6SKhyFAYToH8/rI6pjlinSgu1VTAamXhxmA7YaRB8/5OJEjhvb0aKg== }
    cpu: [x64]
    os: [linux]
    requiresBuild: true
    dev: true
    optional: true

  /lefthook-windows-arm64@1.6.7:
    resolution:
      { integrity: sha512-naV4612JbrOCRZSWVS0Y1BzREHDLyCWC9eHqDG8XTGC1NJ/vM3ip2j9hHHF/GPSceazs82Tog2rSpJ9q8JZ0IQ== }
    cpu: [arm64]
    os: [win32]
    requiresBuild: true
    dev: true
    optional: true

  /lefthook-windows-x64@1.6.7:
    resolution:
      { integrity: sha512-U0jwO5CTya9yo1G+946ULBhH3Nl6j+WOqYz7rWJQIIFNe0mvethmAv+aLKMNrAWgOZ+gX0A7++cqdUOl9LoVwQ== }
    cpu: [x64]
    os: [win32]
    requiresBuild: true
    dev: true
    optional: true

  /lefthook@1.6.7:
    resolution:
      { integrity: sha512-glQisTn0oMXfWv58MBE54wOPez8T06dqcEGrfz73RlvOi/kvbu59oockEvMYs4RfvowQirF0ncp+JHWJbDMRgQ== }
    hasBin: true
    requiresBuild: true
    optionalDependencies:
      lefthook-darwin-arm64: 1.6.7
      lefthook-darwin-x64: 1.6.7
      lefthook-freebsd-arm64: 1.6.7
      lefthook-freebsd-x64: 1.6.7
      lefthook-linux-arm64: 1.6.7
      lefthook-linux-x64: 1.6.7
      lefthook-windows-arm64: 1.6.7
      lefthook-windows-x64: 1.6.7
    dev: true

  /prettier@2.6.2:
    resolution:
      { integrity: sha512-PkUpF+qoXTqhOeWL9fu7As8LXsIUZ1WYaJiY/a7McAQzxjk82OF0tibkFXVCDImZtWxbvojFjerkiLb0/q8mew== }
    engines: { node: '>=10.13.0' }
    hasBin: true
    dev: true
